
Microsoft Visual Studio Solution File, Format Version 12.00
# Visual Studio Version 16
VisualStudioVersion = 16.0.31624.102
MinimumVisualStudioVersion = 10.0.40219.1
Project("{9A19103F-16F7-4668-BE54-9A1E7A4F7556}") = "p4gpc.inputlibrary", "p4gpc.inputlibrary\p4gpc.inputlibrary.csproj", "{184F6C57-9904-4FD6-8B12-973C5F131C46}"
EndProject
Project("{FAE04EC0-301F-11D3-BF4B-00C04F79EFBC}") = "p4gpc.inputlibrary.interfaces", "p4gpc.inputlibrary.interfaces\p4gpc.inputlibrary.interfaces.csproj", "{0175D730-78A3-461C-9D02-4DA2A0BC4305}"
EndProject
Global
	GlobalSection(SolutionConfigurationPlatforms) = preSolution
		Debug|Any CPU = Debug|Any CPU
		Release|Any CPU = Release|Any CPU
	EndGlobalSection
	GlobalSection(ProjectConfigurationPlatforms) = postSolution
		{184F6C57-9904-4FD6-8B12-973C5F131C46}.Debug|Any CPU.ActiveCfg = Debug|Any CPU
		{184F6C57-9904-4FD6-8B12-973C5F131C46}.Debug|Any CPU.Build.0 = Debug|Any CPU
		{184F6C57-9904-4FD6-8B12-973C5F131C46}.Release|Any CPU.ActiveCfg = Release|Any CPU
		{184F6C57-9904-4FD6-8B12-973C5F131C46}.Release|Any CPU.Build.0 = Release|Any CPU
		{0175D730-78A3-461C-9D02-4DA2A0BC4305}.Debug|Any CPU.ActiveCfg = Debug|Any CPU
		{0175D730-78A3-461C-9D02-4DA2A0BC4305}.Debug|Any CPU.Build.0 = Debug|Any CPU
		{0175D730-78A3-461C-9D02-4DA2A0BC4305}.Release|Any CPU.ActiveCfg = Release|Any CPU
		{0175D730-78A3-461C-9D02-4DA2A0BC4305}.Release|Any CPU.Build.0 = Release|Any CPU
	EndGlobalSection
	GlobalSection(SolutionProperties) = preSolution
		HideSolutionNode = FALSE
	EndGlobalSection
	GlobalSection(ExtensibilityGlobals) = postSolution
		SolutionGuid = {86A2223C-E839-4582-8C15-D67ED9C13140}
	EndGlobalSection
EndGlobal
